
Microsoft Visual Studio Solution File, Format Version 12.00
# Visual Studio Version 17
VisualStudioVersion = 17.3.32929.385
MinimumVisualStudioVersion = 10.0.40219.1
Project("{9A19103F-16F7-4668-BE54-9A1E7A4F7556}") = "Apps.DeepL", "Apps.DeepL\Apps.DeepL.csproj", "{E7D72110-5739-46CC-9ACB-F91004A57844}"
EndProject
Project("{9A19103F-16F7-4668-BE54-9A1E7A4F7556}") = "ConsoleApp2", "ConsoleApp2\ConsoleApp2.csproj", "{DD8F86FD-AB10-40DA-B7FA-8074980BA351}"
EndProject
Global
	GlobalSection(SolutionConfigurationPlatforms) = preSolution
		Debug|Any CPU = Debug|Any CPU
		Release|Any CPU = Release|Any CPU
	EndGlobalSection
	GlobalSection(ProjectConfigurationPlatforms) = postSolution
		{E7D72110-5739-46CC-9ACB-F91004A57844}.Debug|Any CPU.ActiveCfg = Debug|Any CPU
		{E7D72110-5739-46CC-9ACB-F91004A57844}.Debug|Any CPU.Build.0 = Debug|Any CPU
		{E7D72110-5739-46CC-9ACB-F91004A57844}.Release|Any CPU.ActiveCfg = Release|Any CPU
		{E7D72110-5739-46CC-9ACB-F91004A57844}.Release|Any CPU.Build.0 = Release|Any CPU
		{DD8F86FD-AB10-40DA-B7FA-8074980BA351}.Debug|Any CPU.ActiveCfg = Debug|Any CPU
		{DD8F86FD-AB10-40DA-B7FA-8074980BA351}.Debug|Any CPU.Build.0 = Debug|Any CPU
		{DD8F86FD-AB10-40DA-B7FA-8074980BA351}.Release|Any CPU.ActiveCfg = Release|Any CPU
		{DD8F86FD-AB10-40DA-B7FA-8074980BA351}.Release|Any CPU.Build.0 = Release|Any CPU
	EndGlobalSection
	GlobalSection(SolutionProperties) = preSolution
		HideSolutionNode = FALSE
	EndGlobalSection
	GlobalSection(ExtensibilityGlobals) = postSolution
		SolutionGuid = {0CD993E0-E00B-4E7E-AF94-38795C9DF647}
	EndGlobalSection
EndGlobal
